
Microsoft Visual Studio Solution File, Format Version 12.00
# Visual Studio Version 16
VisualStudioVersion = 16.0.29209.62
MinimumVisualStudioVersion = 10.0.40219.1
Project("{8BC9CEB8-8B4A-11D0-8D11-00A0C91BC942}") = "Laba_10", "Laba_10\Laba_10.vcxproj", "{DC97EFDB-BA6B-4682-9650-A06CCC849BD5}"
EndProject
Global
	GlobalSection(SolutionConfigurationPlatforms) = preSolution
		Debug|x64 = Debug|x64
		Debug|x86 = Debug|x86
		Release|x64 = Release|x64
		Release|x86 = Release|x86
	EndGlobalSection
	GlobalSection(ProjectConfigurationPlatforms) = postSolution
		{DC97EFDB-BA6B-4682-9650-A06CCC849BD5}.Debug|x64.ActiveCfg = Debug|x64
		{DC97EFDB-BA6B-4682-9650-A06CCC849BD5}.Debug|x64.Build.0 = Debug|x64
		{DC97EFDB-BA6B-4682-9650-A06CCC849BD5}.Debug|x86.ActiveCfg = Debug|Win32
		{DC97EFDB-BA6B-4682-9650-A06CCC849BD5}.Debug|x86.Build.0 = Debug|Win32
		{DC97EFDB-BA6B-4682-9650-A06CCC849BD5}.Release|x64.ActiveCfg = Release|x64
		{DC97EFDB-BA6B-4682-9650-A06CCC849BD5}.Release|x64.Build.0 = Release|x64
		{DC97EFDB-BA6B-4682-9650-A06CCC849BD5}.Release|x86.ActiveCfg = Release|Win32
		{DC97EFDB-BA6B-4682-9650-A06CCC849BD5}.Release|x86.Build.0 = Release|Win32
	EndGlobalSection
	GlobalSection(SolutionProperties) = preSolution
		HideSolutionNode = FALSE
	EndGlobalSection
	GlobalSection(ExtensibilityGlobals) = postSolution
		SolutionGuid = {511E6793-AE67-48B8-808C-52DD8200BC36}
	EndGlobalSection
EndGlobal
